[[package]]
name = "absl-py"
version = "1.3.0"
description = "Abseil Python Common Libraries, see https://github.com/abseil/abseil-py."
category = "main"
optional = false
python-versions = ">=3.6"

[[package]]
name = "click"
version = "8.1.3"
description = "Composable command line interface toolkit"
category = "main"
optional = false
python-versions = ">=3.7"

[package.dependencies]
colorama = {version = "*", markers = "platform_system == \"Windows\""}

[[package]]
name = "colorama"
version = "0.4.6"
description = "Cross-platform colored terminal text."
category = "main"
optional = false
python-versions = "!=3.0.*,!=3.1.*,!=3.2.*,!=3.3.*,!=3.4.*,!=3.5.*,!=3.6.*,>=2.7"

[[package]]
name = "numpy"
version = "1.23.5"
description = "NumPy is the fundamental package for array computing with Python."
category = "main"
optional = false
python-versions = ">=3.8"

[[package]]
name = "ortools"
version = "9.5.2237"
description = "Google OR-Tools python libraries and modules"
category = "main"
optional = false
python-versions = ">= 3.6"

[package.dependencies]
absl-py = ">=0.13"
numpy = ">=1.13.3"
protobuf = ">=4.21.5"

[[package]]
name = "protobuf"
version = "4.21.10"
description = ""
category = "main"
optional = false
python-versions = ">=3.7"

[metadata]
lock-version = "1.1"
python-versions = "3.11"
content-hash = "74ad3aed7556a52af487255f4989cb64dd30af4c5c3cc70878307ce4f37e8f85"

[metadata.files]
absl-py = [
    {file = "absl-py-1.3.0.tar.gz", hash = "sha256:463c38a08d2e4cef6c498b76ba5bd4858e4c6ef51da1a5a1f27139a022e20248"},
    {file = "absl_py-1.3.0-py3-none-any.whl", hash = "sha256:34995df9bd7a09b3b8749e230408f5a2a2dd7a68a0d33c12a3d0cb15a041a507"},
]
click = [
    {file = "click-8.1.3-py3-none-any.whl", hash = "sha256:bb4d8133cb15a609f44e8213d9b391b0809795062913b383c62be0ee95b1db48"},
    {file = "click-8.1.3.tar.gz", hash = "sha256:7682dc8afb30297001674575ea00d1814d808d6a36af415a82bd481d37ba7b8e"},
]
colorama = [
    {file = "colorama-0.4.6-py2.py3-none-any.whl", hash = "sha256:4f1d9991f5acc0ca119f9d443620b77f9d6b33703e51011c16baf57afb285fc6"},
    {file = "colorama-0.4.6.tar.gz", hash = "sha256:08695f5cb7ed6e0531a20572697297273c47b8cae5a63ffc6d6ed5c201be6e44"},
]
numpy = [
    {file = "numpy-1.23.5-cp310-cp310-macosx_10_9_x86_64.whl", hash = "sha256:9c88793f78fca17da0145455f0d7826bcb9f37da4764af27ac945488116efe63"},
    {file = "numpy-1.23.5-cp310-cp310-macosx_11_0_arm64.whl", hash = "sha256:e9f4c4e51567b616be64e05d517c79a8a22f3606499941d97bb76f2ca59f982d"},
    {file = "numpy-1.23.5-cp310-cp310-manylinux_2_17_aarch64.manylinux2014_aarch64.whl", hash = "sha256:7903ba8ab592b82014713c491f6c5d3a1cde5b4a3bf116404e08f5b52f6daf43"},
    {file = "numpy-1.23.5-cp310-cp310-manylinux_2_17_x86_64.manylinux2014_x86_64.whl", hash = "sha256:5e05b1c973a9f858c74367553e236f287e749465f773328c8ef31abe18f691e1"},
    {file = "numpy-1.23.5-cp310-cp310-win32.whl", hash = "sha256:522e26bbf6377e4d76403826ed689c295b0b238f46c28a7251ab94716da0b280"},
    {file = "numpy-1.23.5-cp310-cp310-win_amd64.whl", hash = "sha256:dbee87b469018961d1ad79b1a5d50c0ae850000b639bcb1b694e9981083243b6"},
    {file = "numpy-1.23.5-cp311-cp311-macosx_10_9_x86_64.whl", hash = "sha256:ce571367b6dfe60af04e04a1834ca2dc5f46004ac1cc756fb95319f64c095a96"},
    {file = "numpy-1.23.5-cp311-cp311-macosx_11_0_arm64.whl", hash = "sha256:56e454c7833e94ec9769fa0f86e6ff8e42ee38ce0ce1fa4cbb747ea7e06d56aa"},
    {file = "numpy-1.23.5-cp311-cp311-manylinux_2_17_aarch64.manylinux2014_aarch64.whl", hash = "sha256:5039f55555e1eab31124a5768898c9e22c25a65c1e0037f4d7c495a45778c9f2"},
    {file = "numpy-1.23.5-cp311-cp311-manylinux_2_17_x86_64.manylinux2014_x86_64.whl", hash = "sha256:58f545efd1108e647604a1b5aa809591ccd2540f468a880bedb97247e72db387"},
    {file = "numpy-1.23.5-cp311-cp311-win32.whl", hash = "sha256:b2a9ab7c279c91974f756c84c365a669a887efa287365a8e2c418f8b3ba73fb0"},
    {file = "numpy-1.23.5-cp311-cp311-win_amd64.whl", hash = "sha256:0cbe9848fad08baf71de1a39e12d1b6310f1d5b2d0ea4de051058e6e1076852d"},
    {file = "numpy-1.23.5-cp38-cp38-macosx_10_9_x86_64.whl", hash = "sha256:f063b69b090c9d918f9df0a12116029e274daf0181df392839661c4c7ec9018a"},
    {file = "numpy-1.23.5-cp38-cp38-macosx_11_0_arm64.whl", hash = "sha256:0aaee12d8883552fadfc41e96b4c82ee7d794949e2a7c3b3a7201e968c7ecab9"},
    {file = "numpy-1.23.5-cp38-cp38-manylinux_2_17_aarch64.manylinux2014_aarch64.whl", hash = "sha256:92c8c1e89a1f5028a4c6d9e3ccbe311b6ba53694811269b992c0b224269e2398"},
    {file = "numpy-1.23.5-cp38-cp38-manylinux_2_17_x86_64.manylinux2014_x86_64.whl", hash = "sha256:d208a0f8729f3fb790ed18a003f3a57895b989b40ea4dce4717e9cf4af62c6bb"},
    {file = "numpy-1.23.5-cp38-cp38-win32.whl", hash = "sha256:06005a2ef6014e9956c09ba07654f9837d9e26696a0470e42beedadb78c11b07"},
    {file = "numpy-1.23.5-cp38-cp38-win_amd64.whl", hash = "sha256:ca51fcfcc5f9354c45f400059e88bc09215fb71a48d3768fb80e357f3b457e1e"},
    {file = "numpy-1.23.5-cp39-cp39-macosx_10_9_x86_64.whl", hash = "sha256:8969bfd28e85c81f3f94eb4a66bc2cf1dbdc5c18efc320af34bffc54d6b1e38f"},
    {file = "numpy-1.23.5-cp39-cp39-macosx_11_0_arm64.whl", hash = "sha256:a7ac231a08bb37f852849bbb387a20a57574a97cfc7b6cabb488a4fc8be176de"},
    {file = "numpy-1.23.5-cp39-cp39-manylinux_2_17_aarch64.manylinux2014_aarch64.whl", hash = "sha256:bf837dc63ba5c06dc8797c398db1e223a466c7ece27a1f7b5232ba3466aafe3d"},
    {file = "numpy-1.23.5-cp39-cp39-manylinux_2_17_x86_64.manylinux2014_x86_64.whl", hash = "sha256:33161613d2269025873025b33e879825ec7b1d831317e68f4f2f0f84ed14c719"},
    {file = "numpy-1.23.5-cp39-cp39-win32.whl", hash = "sha256:af1da88f6bc3d2338ebbf0e22fe487821ea4d8e89053e25fa59d1d79786e7481"},
    {file = "numpy-1.23.5-cp39-cp39-win_amd64.whl", hash = "sha256:09b7847f7e83ca37c6e627682f145856de331049013853f344f37b0c9690e3df"},
    {file = "numpy-1.23.5-pp38-pypy38_pp73-macosx_10_9_x86_64.whl", hash = "sha256:abdde9f795cf292fb9651ed48185503a2ff29be87770c3b8e2a14b0cd7aa16f8"},
    {file = "numpy-1.23.5-pp38-pypy38_pp73-manylinux_2_17_x86_64.manylinux2014_x86_64.whl", hash = "sha256:f9a909a8bae284d46bbfdefbdd4a262ba19d3bc9921b1e76126b1d21c3c34135"},
    {file = "numpy-1.23.5-pp38-pypy38_pp73-win_amd64.whl", hash = "sha256:01dd17cbb340bf0fc23981e52e1d18a9d4050792e8fb8363cecbf066a84b827d"},
    {file = "numpy-1.23.5.tar.gz", hash = "sha256:1b1766d6f397c18153d40015ddfc79ddb715cabadc04d2d228d4e5a8bc4ded1a"},
]
ortools = [
    {file = "ortools-9.5.2237-cp310-cp310-macosx_10_15_x86_64.whl", hash = "sha256:b86f45e66bf1335bf3f7e43b8611dcb849a0cf64f6a66a558d26947dacffc64b"},
    {file = "ortools-9.5.2237-cp310-cp310-macosx_11_0_arm64.whl", hash = "sha256:79b491d0eb092f4f3fe06ffc35a4921a2b7055523d164a381517bfb5c20be8ea"},
    {file = "ortools-9.5.2237-cp310-cp310-manylinux_2_17_aarch64.manylinux2014_aarch64.whl", hash = "sha256:68908bc2b82381349fec89b3092a01d959e7e5f1a1769a5afc67493e146395fb"},
    {file = "ortools-9.5.2237-cp310-cp310-manylinux_2_17_x86_64.manylinux2014_x86_64.whl", hash = "sha256:b439a4735456c689556007c96fcacf0290b5881517b7a2d25266ab1cdd3d9235"},
    {file = "ortools-9.5.2237-cp310-cp310-win_amd64.whl", hash = "sha256:a4ea77b0c6ae3cd339f1eff969619510c8a98c9dc4ee9291a50cda298084b35b"},
    {file = "ortools-9.5.2237-cp311-cp311-macosx_10_15_x86_64.whl", hash = "sha256:e6cc55e60c466b5859e0a414f221b4c707e2a68f51c85c1379c4e35305c2d797"},
    {file = "ortools-9.5.2237-cp311-cp311-macosx_11_0_arm64.whl", hash = "sha256:6507811a80d315cf20f69408ca41df017278f6e0d7ed9f42271a75f9d50b3842"},
    {file = "ortools-9.5.2237-cp311-cp311-manylinux_2_17_aarch64.manylinux2014_aarch64.whl", hash = "sha256:344f45ce5709bf82c889e442a7bcd5cd86e9086750efd68e1f9562583a76a6a8"},
    {file = "ortools-9.5.2237-cp311-cp311-manylinux_2_17_x86_64.manylinux2014_x86_64.whl", hash = "sha256:3148eae10f7c9071eea138c6c12cf0da14428f1a401ad7b50d3999ed09ed15e0"},
    {file = "ortools-9.5.2237-cp311-cp311-win_amd64.whl", hash = "sha256:db4471316b7f949d0a0d46bf0c44691d870d7ab66ef34c88b7c24fc7ec22d0ae"},
    {file = "ortools-9.5.2237-cp36-cp36m-manylinux_2_17_aarch64.manylinux2014_aarch64.whl", hash = "sha256:1d32883d1ba3e25e0039312ad4e5da22a6e457557960c27e11816a204cd7014c"},
    {file = "ortools-9.5.2237-cp36-cp36m-manylinux_2_17_x86_64.manylinux2014_x86_64.whl", hash = "sha256:2d8293d10065955abe8a428eae35a49c338a183d647f7be91e132b79c48038c9"},
    {file = "ortools-9.5.2237-cp36-cp36m-win_amd64.whl", hash = "sha256:6ae39f1cb649958cd7cd3ac5608df0114054ee17069389bf299ed713ea562ba5"},
    {file = "ortools-9.5.2237-cp37-cp37m-macosx_10_15_x86_64.whl", hash = "sha256:efbaa7281032412c22409c85bcf2b2478fcd283060457566997ef223b4502bfe"},
    {file = "ortools-9.5.2237-cp37-cp37m-manylinux_2_17_aarch64.manylinux2014_aarch64.whl", hash = "sha256:622ef383febfdd50f240b90982e34fd396250e5501296bdc6dde70a9038ef915"},
    {file = "ortools-9.5.2237-cp37-cp37m-manylinux_2_17_x86_64.manylinux2014_x86_64.whl", hash = "sha256:e4caaf2cda3749d101ffb9a28f0e5e0aff3b22571b5ed68e8829a01dbf10d628"},
    {file = "ortools-9.5.2237-cp37-cp37m-win_amd64.whl", hash = "sha256:387910618bbb003f9ce0c706291f88ba03f0cc3fbda998616639f02ae69f8459"},
    {file = "ortools-9.5.2237-cp38-cp38-macosx_10_15_x86_64.whl", hash = "sha256:9fcd383f4ced260343602f8a2f1c65f6bc24fd0a1c684f8f040fa906d08a86d0"},
    {file = "ortools-9.5.2237-cp38-cp38-macosx_11_0_arm64.whl", hash = "sha256:0e8bb341e2949b393b68315cd841c8a79893e97defd0b7666847bc104b1713e9"},
    {file = "ortools-9.5.2237-cp38-cp38-manylinux_2_17_aarch64.manylinux2014_aarch64.whl", hash = "sha256:313bc41c192f645433c7559e10dea74074d4f2523759aa0c6cbad966b58aa853"},
    {file = "ortools-9.5.2237-cp38-cp38-manylinux_2_17_x86_64.manylinux2014_x86_64.whl", hash = "sha256:26b401a5644b493418f3ec434f95d6f1e7662ec1341dba8cf9c59ec33702d9e1"},
    {file = "ortools-9.5.2237-cp38-cp38-win_amd64.whl", hash = "sha256:637f782bfb9bdea2e216e3515c303e61198d504821ea3a359e3c6e616d26153a"},
    {file = "ortools-9.5.2237-cp39-cp39-macosx_10_15_x86_64.whl", hash = "sha256:11e33108dbbee2d045fbd8a099a3ffbf77eae58d7d6a237073833ba0571e6bbd"},
    {file = "ortools-9.5.2237-cp39-cp39-macosx_11_0_arm64.whl", hash = "sha256:f95f19a9d3d2e31286da5c0fc799d474ab8568240760c1555c4006cd4bf93ab9"},
    {file = "ortools-9.5.2237-cp39-cp39-manylinux_2_17_aarch64.manylinux2014_aarch64.whl", hash = "sha256:7aaa37f7e984f454ad33e81a22337b1a1a2f4269d5112853585dd391c77affc6"},
    {file = "ortools-9.5.2237-cp39-cp39-manylinux_2_17_x86_64.manylinux2014_x86_64.whl", hash = "sha256:9479343f0b83619d275cfdda694764db0899e23b6c500e837e0e3710c891d1a5"},
    {file = "ortools-9.5.2237-cp39-cp39-win_amd64.whl", hash = "sha256:b0acc463af9ea4413ab4833041fb3e8055e24bd4535f913fffb6bc0eb89e0a94"},
]
protobuf = [
    {file = "protobuf-4.21.10-cp310-abi3-win32.whl", hash = "sha256:e92768d17473657c87e98b79a4c7724b0ddfa23211b05ce137bfdc55e734e36f"},
    {file = "protobuf-4.21.10-cp310-abi3-win_amd64.whl", hash = "sha256:0c968753028cb14b1d24cc839723f7e9505b305fc588a37a9e0f7d270cb59d89"},
    {file = "protobuf-4.21.10-cp37-abi3-macosx_10_9_universal2.whl", hash = "sha256:e53165dd14d19abc7f50733f365de431e51d1d262db40c0ee22e271a074fac59"},
    {file = "protobuf-4.21.10-cp37-abi3-manylinux2014_aarch64.whl", hash = "sha256:5efa8a8162ada7e10847140308fbf84fdc5b89dc21655d12ec04aed87284fe07"},
    {file = "protobuf-4.21.10-cp37-abi3-manylinux2014_x86_64.whl", hash = "sha256:2a172741b5b041a896b621cef4277077afd571e0d3a6e524e7171f1c70e33200"},
    {file = "protobuf-4.21.10-cp37-cp37m-win32.whl", hash = "sha256:05cbcb9a25cd781fd949f93f6f98a911883868c0360c6d2264fc99a903c8f0d7"},
    {file = "protobuf-4.21.10-cp37-cp37m-win_amd64.whl", hash = "sha256:3f08f04b4f101dd469efbcc1731fbf48068eccd8a42f4e2ea530aa012a5f56f8"},
    {file = "protobuf-4.21.10-cp38-cp38-win32.whl", hash = "sha256:6b809f20923b6ef49dc1755cb50bdb21be179b4a3c7ffcab1fe5d3f139b58a51"},
    {file = "protobuf-4.21.10-cp38-cp38-win_amd64.whl", hash = "sha256:81b233a06c62387ea5c9be2cd9aedd2ba09940e91da53b920e9ff5bd98e48e7f"},
    {file = "protobuf-4.21.10-cp39-cp39-win32.whl", hash = "sha256:b78d7c2c36b51c0041b9bf000be4adb09f4112bfc40bc7a9d48ac0b0dfad139e"},
    {file = "protobuf-4.21.10-cp39-cp39-win_amd64.whl", hash = "sha256:0413addc126c40a5440ee59be098de1007183d68e9f5f20ed5fbc44848f417ca"},
    {file = "protobuf-4.21.10-py2.py3-none-any.whl", hash = "sha256:a5e89eabaa0ca72ce1b7c8104a740d44cdb67942cbbed00c69a4c0541de17107"},
    {file = "protobuf-4.21.10-py3-none-any.whl", hash = "sha256:5096b3922b45e4b7a04d3d3cb855d13bb5ccd4d5e44b129e706232ebf0ffb870"},
    {file = "protobuf-4.21.10.tar.gz", hash = "sha256:4d97c16c0d11155b3714a29245461f0eb60cace294455077f3a3b8a629afa383"},
]
